// !$*UTF8*$!
{
	archiveVersion = 1;
	classes = {
	};
	objectVersion = 50;
	objects = {

/* Begin PBXBuildFile section */
		EF1D355821B45495002C46FA /* BottomBorderView.swift in Sources */ = {isa = PBXBuildFile; fileRef = EF1D355721B45495002C46FA /* BottomBorderView.swift */; };
		EF1D355A21B543DF002C46FA /* ResultsViewController.swift in Sources */ = {isa = PBXBuildFile; fileRef = EF1D355921B543DF002C46FA /* ResultsViewController.swift */; };
		EF1D355C21B568BB002C46FA /* ResultCell.swift in Sources */ = {isa = PBXBuildFile; fileRef = EF1D355B21B568BB002C46FA /* ResultCell.swift */; };
		EF1D355F21B576B3002C46FA /* ColorExtension.swift in Sources */ = {isa = PBXBuildFile; fileRef = EF1D355E21B576B3002C46FA /* ColorExtension.swift */; };
		EF1D356121B580C1002C46FA /* PopUpViewController.swift in Sources */ = {isa = PBXBuildFile; fileRef = EF1D356021B580C1002C46FA /* PopUpViewController.swift */; };
		EF39E64721A328540028EFA1 /* FontAwesome.otf in Resources */ = {isa = PBXBuildFile; fileRef = EF39E64621A328540028EFA1 /* FontAwesome.otf */; };
		EF39E64B21A335090028EFA1 /* Settings.swift in Sources */ = {isa = PBXBuildFile; fileRef = EF39E64A21A335090028EFA1 /* Settings.swift */; };
		EF8FC4AA219742C000162DD3 /* AppDelegate.swift in Sources */ = {isa = PBXBuildFile; fileRef = EF8FC4A9219742C000162DD3 /* AppDelegate.swift */; };
		EF8FC4AC219742C000162DD3 /* ViewController.swift in Sources */ = {isa = PBXBuildFile; fileRef = EF8FC4AB219742C000162DD3 /* ViewController.swift */; };
		EF8FC4AF219742C000162DD3 /* Main.storyboard in Resources */ = {isa = PBXBuildFile; fileRef = EF8FC4AD219742C000162DD3 /* Main.storyboard */; };
		EF8FC4B1219742C100162DD3 /* Assets.xcassets in Resources */ = {isa = PBXBuildFile; fileRef = EF8FC4B0219742C100162DD3 /* Assets.xcassets */; };
		EF8FC4B4219742C100162DD3 /* LaunchScreen.storyboard in Resources */ = {isa = PBXBuildFile; fileRef = EF8FC4B2219742C100162DD3 /* LaunchScreen.storyboard */; };
		EFB9B25B21A466AC00F15B66 /* Quiz.swift in Sources */ = {isa = PBXBuildFile; fileRef = EFB9B25A21A466AC00F15B66 /* Quiz.swift */; };
		EFB9B25D21A466CC00F15B66 /* Question.swift in Sources */ = {isa = PBXBuildFile; fileRef = EFB9B25C21A466CC00F15B66 /* Question.swift */; };
		EFB9B26121A46CB700F15B66 /* QuestionscreenController.swift in Sources */ = {isa = PBXBuildFile; fileRef = EFB9B26021A46CB700F15B66 /* QuestionscreenController.swift */; };
		EFB9B26421A4740C00F15B66 /* ShadowButton.swift in Sources */ = {isa = PBXBuildFile; fileRef = EFB9B26321A4740C00F15B66 /* ShadowButton.swift */; };
		EFB9B26621A485E000F15B66 /* Header.swift in Sources */ = {isa = PBXBuildFile; fileRef = EFB9B26521A485E000F15B66 /* Header.swift */; };
		EFB9B26821A487EB00F15B66 /* Paragraph.swift in Sources */ = {isa = PBXBuildFile; fileRef = EFB9B26721A487EB00F15B66 /* Paragraph.swift */; };
		EFF7891E21CA3DE800CEB484 /* QuestionList.swift in Sources */ = {isa = PBXBuildFile; fileRef = EFF7891D21CA3DE800CEB484 /* QuestionList.swift */; };
		EFF7892021CA95E300CEB484 /* ArrayExtension.swift in Sources */ = {isa = PBXBuildFile; fileRef = EFF7891F21CA95E300CEB484 /* ArrayExtension.swift */; };
		EFF8372C219C407700688FF0 /* StartscreenController.swift in Sources */ = {isa = PBXBuildFile; fileRef = EFF8372B219C407700688FF0 /* StartscreenController.swift */; };
		EFF8372E219C40ED00688FF0 /* SettingsTableController.swift in Sources */ = {isa = PBXBuildFile; fileRef = EFF8372D219C40ED00688FF0 /* SettingsTableController.swift */; };
/* End PBXBuildFile section */

/* Begin PBXFileReference section */
		EF1D355721B45495002C46FA /* BottomBorderView.swift */ = {isa = PBXFileReference; lastKnownFileType = sourcecode.swift; path = BottomBorderView.swift; sourceTree = "<group>"; };
		EF1D355921B543DF002C46FA /* ResultsViewController.swift */ = {isa = PBXFileReference; lastKnownFileType = sourcecode.swift; path = ResultsViewController.swift; sourceTree = "<group>"; };
		EF1D355B21B568BB002C46FA /* ResultCell.swift */ = {isa = PBXFileReference; lastKnownFileType = sourcecode.swift; path = ResultCell.swift; sourceTree = "<group>"; };
		EF1D355E21B576B3002C46FA /* ColorExtension.swift */ = {isa = PBXFileReference; lastKnownFileType = sourcecode.swift; path = ColorExtension.swift; sourceTree = "<group>"; };
		EF1D356021B580C1002C46FA /* PopUpViewController.swift */ = {isa = PBXFileReference; lastKnownFileType = sourcecode.swift; path = PopUpViewController.swift; sourceTree = "<group>"; };
		EF39E64621A328540028EFA1 /* FontAwesome.otf */ = {isa = PBXFileReference; lastKnownFileType = file; path = FontAwesome.otf; sourceTree = "<group>"; };
		EF39E64A21A335090028EFA1 /* Settings.swift */ = {isa = PBXFileReference; lastKnownFileType = sourcecode.swift; path = Settings.swift; sourceTree = "<group>"; };
		EF8FC4A6219742C000162DD3 /* RijQuiz.app */ = {isa = PBXFileReference; explicitFileType = wrapper.application; includeInIndex = 0; path = RijQuiz.app; sourceTree = BUILT_PRODUCTS_DIR; };
		EF8FC4A9219742C000162DD3 /* AppDelegate.swift */ = {isa = PBXFileReference; lastKnownFileType = sourcecode.swift; path = AppDelegate.swift; sourceTree = "<group>"; };
		EF8FC4AB219742C000162DD3 /* ViewController.swift */ = {isa = PBXFileReference; lastKnownFileType = sourcecode.swift; path = ViewController.swift; sourceTree = "<group>"; };
		EF8FC4AE219742C000162DD3 /* Base */ = {isa = PBXFileReference; lastKnownFileType = file.storyboard; name = Base; path = Base.lproj/Main.storyboard; sourceTree = "<group>"; };
		EF8FC4B0219742C100162DD3 /* Assets.xcassets */ = {isa = PBXFileReference; lastKnownFileType = folder.assetcatalog; path = Assets.xcassets; sourceTree = "<group>"; };
		EF8FC4B3219742C100162DD3 /* Base */ = {isa = PBXFileReference; lastKnownFileType = file.storyboard; name = Base; path = Base.lproj/LaunchScreen.storyboard; sourceTree = "<group>"; };
		EF8FC4B5219742C100162DD3 /* Info.plist */ = {isa = PBXFileReference; lastKnownFileType = text.plist.xml; path = Info.plist; sourceTree = "<group>"; };
		EFB9B25A21A466AC00F15B66 /* Quiz.swift */ = {isa = PBXFileReference; lastKnownFileType = sourcecode.swift; path = Quiz.swift; sourceTree = "<group>"; };
		EFB9B25C21A466CC00F15B66 /* Question.swift */ = {isa = PBXFileReference; lastKnownFileType = sourcecode.swift; path = Question.swift; sourceTree = "<group>"; };
		EFB9B26021A46CB700F15B66 /* QuestionscreenController.swift */ = {isa = PBXFileReference; fileEncoding = 4; lastKnownFileType = sourcecode.swift; name = QuestionscreenController.swift; path = RijQuiz/QuestionscreenController.swift; sourceTree = SOURCE_ROOT; };
		EFB9B26321A4740C00F15B66 /* ShadowButton.swift */ = {isa = PBXFileReference; lastKnownFileType = sourcecode.swift; path = ShadowButton.swift; sourceTree = "<group>"; };
		EFB9B26521A485E000F15B66 /* Header.swift */ = {isa = PBXFileReference; lastKnownFileType = sourcecode.swift; path = Header.swift; sourceTree = "<group>"; };
		EFB9B26721A487EB00F15B66 /* Paragraph.swift */ = {isa = PBXFileReference; lastKnownFileType = sourcecode.swift; path = Paragraph.swift; sourceTree = "<group>"; };
		EFF7891D21CA3DE800CEB484 /* QuestionList.swift */ = {isa = PBXFileReference; lastKnownFileType = sourcecode.swift; path = QuestionList.swift; sourceTree = "<group>"; };
		EFF7891F21CA95E300CEB484 /* ArrayExtension.swift */ = {isa = PBXFileReference; lastKnownFileType = sourcecode.swift; path = ArrayExtension.swift; sourceTree = "<group>"; };
		EFF8372B219C407700688FF0 /* StartscreenController.swift */ = {isa = PBXFileReference; lastKnownFileType = sourcecode.swift; path = StartscreenController.swift; sourceTree = "<group>"; };
		EFF8372D219C40ED00688FF0 /* SettingsTableController.swift */ = {isa = PBXFileReference; lastKnownFileType = sourcecode.swift; path = SettingsTableController.swift; sourceTree = "<group>"; };
/* End PBXFileReference section */

/* Begin PBXFrameworksBuildPhase section */
		EF8FC4A3219742C000162DD3 /* Frameworks */ = {
			isa = PBXFrameworksBuildPhase;
			buildActionMask = 2147483647;
			files = (
			);
			runOnlyForDeploymentPostprocessing = 0;
		};
/* End PBXFrameworksBuildPhase section */

/* Begin PBXGroup section */
		EF1D355D21B5769E002C46FA /* Extensions */ = {
			isa = PBXGroup;
			children = (
				EF1D355E21B576B3002C46FA /* ColorExtension.swift */,
				EFF7891F21CA95E300CEB484 /* ArrayExtension.swift */,
			);
			path = Extensions;
			sourceTree = "<group>";
		};
		EF8FC49D219742C000162DD3 = {
			isa = PBXGroup;
			children = (
				EF8FC4A8219742C000162DD3 /* RijQuiz */,
				EF8FC4A7219742C000162DD3 /* Products */,
			);
			sourceTree = "<group>";
		};
		EF8FC4A7219742C000162DD3 /* Products */ = {
			isa = PBXGroup;
			children = (
				EF8FC4A6219742C000162DD3 /* RijQuiz.app */,
			);
			name = Products;
			sourceTree = "<group>";
		};
		EF8FC4A8219742C000162DD3 /* RijQuiz */ = {
			isa = PBXGroup;
			children = (
				EF1D355D21B5769E002C46FA /* Extensions */,
				EFB9B26221A473E400F15B66 /* Components */,
				EFF8372A219C404700688FF0 /* Models */,
				EFF83728219C402500688FF0 /* View Controllers */,
				EFF83720219B59B900688FF0 /* Fonts */,
				EF8FC4A9219742C000162DD3 /* AppDelegate.swift */,
				EF8FC4AB219742C000162DD3 /* ViewController.swift */,
				EF8FC4AD219742C000162DD3 /* Main.storyboard */,
				EF8FC4B0219742C100162DD3 /* Assets.xcassets */,
				EF8FC4B2219742C100162DD3 /* LaunchScreen.storyboard */,
				EF8FC4B5219742C100162DD3 /* Info.plist */,
			);
			path = RijQuiz;
			sourceTree = "<group>";
		};
		EFB9B26221A473E400F15B66 /* Components */ = {
			isa = PBXGroup;
			children = (
				EFB9B26321A4740C00F15B66 /* ShadowButton.swift */,
				EFB9B26521A485E000F15B66 /* Header.swift */,
				EFB9B26721A487EB00F15B66 /* Paragraph.swift */,
				EF1D355721B45495002C46FA /* BottomBorderView.swift */,
				EF1D355B21B568BB002C46FA /* ResultCell.swift */,
			);
			path = Components;
			sourceTree = "<group>";
		};
		EFF83720219B59B900688FF0 /* Fonts */ = {
			isa = PBXGroup;
			children = (
				EF39E64621A328540028EFA1 /* FontAwesome.otf */,
			);
			path = Fonts;
			sourceTree = "<group>";
		};
		EFF83728219C402500688FF0 /* View Controllers */ = {
			isa = PBXGroup;
			children = (
				EFB9B26021A46CB700F15B66 /* QuestionscreenController.swift */,
				EFF8372B219C407700688FF0 /* StartscreenController.swift */,
				EFF8372D219C40ED00688FF0 /* SettingsTableController.swift */,
				EF1D355921B543DF002C46FA /* ResultsViewController.swift */,
				EF1D356021B580C1002C46FA /* PopUpViewController.swift */,
			);
			path = "View Controllers";
			sourceTree = "<group>";
		};
		EFF8372A219C404700688FF0 /* Models */ = {
			isa = PBXGroup;
			children = (
				EF39E64A21A335090028EFA1 /* Settings.swift */,
				EFB9B25A21A466AC00F15B66 /* Quiz.swift */,
				EFB9B25C21A466CC00F15B66 /* Question.swift */,
				EFF7891D21CA3DE800CEB484 /* QuestionList.swift */,
			);
			path = Models;
			sourceTree = "<group>";
		};
/* End PBXGroup section */

/* Begin PBXNativeTarget section */
		EF8FC4A5219742C000162DD3 /* RijQuiz */ = {
			isa = PBXNativeTarget;
			buildConfigurationList = EF8FC4B8219742C100162DD3 /* Build configuration list for PBXNativeTarget "RijQuiz" */;
			buildPhases = (
				EF8FC4A2219742C000162DD3 /* Sources */,
				EF8FC4A3219742C000162DD3 /* Frameworks */,
				EF8FC4A4219742C000162DD3 /* Resources */,
			);
			buildRules = (
			);
			dependencies = (
			);
			name = RijQuiz;
			productName = RijQuiz;
			productReference = EF8FC4A6219742C000162DD3 /* RijQuiz.app */;
			productType = "com.apple.product-type.application";
		};
/* End PBXNativeTarget section */

/* Begin PBXProject section */
		EF8FC49E219742C000162DD3 /* Project object */ = {
			isa = PBXProject;
			attributes = {
				LastSwiftUpdateCheck = 1010;
				LastUpgradeCheck = 1010;
				ORGANIZATIONNAME = "Karel Heyndrickx";
				TargetAttributes = {
					EF8FC4A5219742C000162DD3 = {
						CreatedOnToolsVersion = 10.1;
					};
				};
			};
			buildConfigurationList = EF8FC4A1219742C000162DD3 /* Build configuration list for PBXProject "RijQuiz" */;
			compatibilityVersion = "Xcode 9.3";
			developmentRegion = en;
			hasScannedForEncodings = 0;
			knownRegions = (
				en,
				Base,
			);
			mainGroup = EF8FC49D219742C000162DD3;
			productRefGroup = EF8FC4A7219742C000162DD3 /* Products */;
			projectDirPath = "";
			projectRoot = "";
			targets = (
				EF8FC4A5219742C000162DD3 /* RijQuiz */,
			);
		};
/* End PBXProject section */

/* Begin PBXResourcesBuildPhase section */
		EF8FC4A4219742C000162DD3 /* Resources */ = {
			isa = PBXResourcesBuildPhase;
			buildActionMask = 2147483647;
			files = (
				EF8FC4B4219742C100162DD3 /* LaunchScreen.storyboard in Resources */,
				EF39E64721A328540028EFA1 /* FontAwesome.otf in Resources */,
				EF8FC4B1219742C100162DD3 /* Assets.xcassets in Resources */,
				EF8FC4AF219742C000162DD3 /* Main.storyboard in Resources */,
			);
			runOnlyForDeploymentPostprocessing = 0;
		};
/* End PBXResourcesBuildPhase section */

/* Begin PBXSourcesBuildPhase section */
		EF8FC4A2219742C000162DD3 /* Sources */ = {
			isa = PBXSourcesBuildPhase;
			buildActionMask = 2147483647;
			files = (
				EFB9B26621A485E000F15B66 /* Header.swift in Sources */,
				EFB9B25B21A466AC00F15B66 /* Quiz.swift in Sources */,
				EFB9B26821A487EB00F15B66 /* Paragraph.swift in Sources */,
				EFF7892021CA95E300CEB484 /* ArrayExtension.swift in Sources */,
				EF1D355A21B543DF002C46FA /* ResultsViewController.swift in Sources */,
				EFF8372C219C407700688FF0 /* StartscreenController.swift in Sources */,
				EF39E64B21A335090028EFA1 /* Settings.swift in Sources */,
				EFF8372E219C40ED00688FF0 /* SettingsTableController.swift in Sources */,
				EF1D356121B580C1002C46FA /* PopUpViewController.swift in Sources */,
				EF1D355C21B568BB002C46FA /* ResultCell.swift in Sources */,
				EF1D355821B45495002C46FA /* BottomBorderView.swift in Sources */,
				EF1D355F21B576B3002C46FA /* ColorExtension.swift in Sources */,
				EF8FC4AC219742C000162DD3 /* ViewController.swift in Sources */,
				EFB9B26421A4740C00F15B66 /* ShadowButton.swift in Sources */,
				EFF7891E21CA3DE800CEB484 /* QuestionList.swift in Sources */,
				EFB9B26121A46CB700F15B66 /* QuestionscreenController.swift in Sources */,
				EFB9B25D21A466CC00F15B66 /* Question.swift in Sources */,
				EF8FC4AA219742C000162DD3 /* AppDelegate.swift in Sources */,
			);
			runOnlyForDeploymentPostprocessing = 0;
		};
/* End PBXSourcesBuildPhase section */

/* Begin PBXVariantGroup section */
		EF8FC4AD219742C000162DD3 /* Main.storyboard */ = {
			isa = PBXVariantGroup;
			children = (
				EF8FC4AE219742C000162DD3 /* Base */,
			);
			name = Main.storyboard;
			sourceTree = "<group>";
		};
		EF8FC4B2219742C100162DD3 /* LaunchScreen.storyboard */ = {
			isa = PBXVariantGroup;
			children = (
				EF8FC4B3219742C100162DD3 /* Base */,
			);
			name = LaunchScreen.storyboard;
			sourceTree = "<group>";
		};
/* End PBXVariantGroup section */

/* Begin XCBuildConfiguration section */
		EF8FC4B6219742C100162DD3 /* Debug */ = {
			isa = XCBuildConfiguration;
			buildSettings = {
				ALWAYS_SEARCH_USER_PATHS = NO;
				CLANG_ANALYZER_NONNULL = YES;
				CLANG_ANALYZER_NUMBER_OBJECT_CONVERSION = YES_AGGRESSIVE;
				CLANG_CXX_LANGUAGE_STANDARD = "gnu++14";
				CLANG_CXX_LIBRARY = "libc++";
				CLANG_ENABLE_MODULES = YES;
				CLANG_ENABLE_OBJC_ARC = YES;
				CLANG_ENABLE_OBJC_WEAK = YES;
				CLANG_WARN_BLOCK_CAPTURE_AUTORELEASING = YES;
				CLANG_WARN_BOOL_CONVERSION = YES;
				CLANG_WARN_COMMA = YES;
				CLANG_WARN_CONSTANT_CONVERSION = YES;
				CLANG_WARN_DEPRECATED_OBJC_IMPLEMENTATIONS = YES;
				CLANG_WARN_DIRECT_OBJC_ISA_USAGE = YES_ERROR;
				CLANG_WARN_DOCUMENTATION_COMMENTS = YES;
				CLANG_WARN_EMPTY_BODY = YES;
				CLANG_WARN_ENUM_CONVERSION = YES;
				CLANG_WARN_INFINITE_RECURSION = YES;
				CLANG_WARN_INT_CONVERSION = YES;
				CLANG_WARN_NON_LITERAL_NULL_CONVERSION = YES;
				CLANG_WARN_OBJC_IMPLICIT_RETAIN_SELF = YES;
				CLANG_WARN_OBJC_LITERAL_CONVERSION = YES;
				CLANG_WARN_OBJC_ROOT_CLASS = YES_ERROR;
				CLANG_WARN_RANGE_LOOP_ANALYSIS = YES;
				CLANG_WARN_STRICT_PROTOTYPES = YES;
				CLANG_WARN_SUSPICIOUS_MOVE = YES;
				CLANG_WARN_UNGUARDED_AVAILABILITY = YES_AGGRESSIVE;
				CLANG_WARN_UNREACHABLE_CODE = YES;
				CLANG_WARN__DUPLICATE_METHOD_MATCH = YES;
				CODE_SIGN_IDENTITY = "iPhone Developer";
				COPY_PHASE_STRIP = NO;
				DEBUG_INFORMATION_FORMAT = dwarf;
				ENABLE_STRICT_OBJC_MSGSEND = YES;
				ENABLE_TESTABILITY = YES;
				GCC_C_LANGUAGE_STANDARD = gnu11;
				GCC_DYNAMIC_NO_PIC = NO;
				GCC_NO_COMMON_BLOCKS = YES;
				GCC_OPTIMIZATION_LEVEL = 0;
				GCC_PREPROCESSOR_DEFINITIONS = (
					"DEBUG=1",
					"$(inherited)",
				);
				GCC_WARN_64_TO_32_BIT_CONVERSION = YES;
				GCC_WARN_ABOUT_RETURN_TYPE = YES_ERROR;
				GCC_WARN_UNDECLARED_SELECTOR = YES;
				GCC_WARN_UNINITIALIZED_AUTOS = YES_AGGRESSIVE;
				GCC_WARN_UNUSED_FUNCTION = YES;
				GCC_WARN_UNUSED_VARIABLE = YES;
				IPHONEOS_DEPLOYMENT_TARGET = 12.1;
				MTL_ENABLE_DEBUG_INFO = INCLUDE_SOURCE;
				MTL_FAST_MATH = YES;
				ONLY_ACTIVE_ARCH = YES;
				SDKROOT = iphoneos;
				SWIFT_ACTIVE_COMPILATION_CONDITIONS = DEBUG;
				SWIFT_OPTIMIZATION_LEVEL = "-Onone";
			};
			name = Debug;
		};
		EF8FC4B7219742C100162DD3 /* Release */ = {
			isa = XCBuildConfiguration;
			buildSettings = {
				ALWAYS_SEARCH_USER_PATHS = NO;
				CLANG_ANALYZER_NONNULL = YES;
				CLANG_ANALYZER_NUMBER_OBJECT_CONVERSION = YES_AGGRESSIVE;
				CLANG_CXX_LANGUAGE_STANDARD = "gnu++14";
				CLANG_CXX_LIBRARY = "libc++";
				CLANG_ENABLE_MODULES = YES;
				CLANG_ENABLE_OBJC_ARC = YES;
				CLANG_ENABLE_OBJC_WEAK = YES;
				CLANG_WARN_BLOCK_CAPTURE_AUTORELEASING = YES;
				CLANG_WARN_BOOL_CONVERSION = YES;
				CLANG_WARN_COMMA = YES;
				CLANG_WARN_CONSTANT_CONVERSION = YES;
				CLANG_WARN_DEPRECATED_OBJC_IMPLEMENTATIONS = YES;
				CLANG_WARN_DIRECT_OBJC_ISA_USAGE = YES_ERROR;
				CLANG_WARN_DOCUMENTATION_COMMENTS = YES;
				CLANG_WARN_EMPTY_BODY = YES;
				CLANG_WARN_ENUM_CONVERSION = YES;
				CLANG_WARN_INFINITE_RECURSION = YES;
				CLANG_WARN_INT_CONVERSION = YES;
				CLANG_WARN_NON_LITERAL_NULL_CONVERSION = YES;
				CLANG_WARN_OBJC_IMPLICIT_RETAIN_SELF = YES;
				CLANG_WARN_OBJC_LITERAL_CONVERSION = YES;
				CLANG_WARN_OBJC_ROOT_CLASS = YES_ERROR;
				CLANG_WARN_RANGE_LOOP_ANALYSIS = YES;
				CLANG_WARN_STRICT_PROTOTYPES = YES;
				CLANG_WARN_SUSPICIOUS_MOVE = YES;
				CLANG_WARN_UNGUARDED_AVAILABILITY = YES_AGGRESSIVE;
				CLANG_WARN_UNREACHABLE_CODE = YES;
				CLANG_WARN__DUPLICATE_METHOD_MATCH = YES;
				CODE_SIGN_IDENTITY = "iPhone Developer";
				COPY_PHASE_STRIP = NO;
				DEBUG_INFORMATION_FORMAT = "dwarf-with-dsym";
				ENABLE_NS_ASSERTIONS = NO;
				ENABLE_STRICT_OBJC_MSGSEND = YES;
				GCC_C_LANGUAGE_STANDARD = gnu11;
				GCC_NO_COMMON_BLOCKS = YES;
				GCC_WARN_64_TO_32_BIT_CONVERSION = YES;
				GCC_WARN_ABOUT_RETURN_TYPE = YES_ERROR;
				GCC_WARN_UNDECLARED_SELECTOR = YES;
				GCC_WARN_UNINITIALIZED_AUTOS = YES_AGGRESSIVE;
				GCC_WARN_UNUSED_FUNCTION = YES;
				GCC_WARN_UNUSED_VARIABLE = YES;
				IPHONEOS_DEPLOYMENT_TARGET = 12.1;
				MTL_ENABLE_DEBUG_INFO = NO;
				MTL_FAST_MATH = YES;
				SDKROOT = iphoneos;
				SWIFT_COMPILATION_MODE = wholemodule;
				SWIFT_OPTIMIZATION_LEVEL = "-O";
				VALIDATE_PRODUCT = YES;
			};
			name = Release;
		};
		EF8FC4B9219742C100162DD3 /* Debug */ = {
			isa = XCBuildConfiguration;
			buildSettings = {
				ASSETCATALOG_COMPILER_APPICON_NAME = AppIcon;
				CODE_SIGN_STYLE = Automatic;
				DEVELOPMENT_TEAM = GLW48UZTB4;
				INFOPLIST_FILE = RijQuiz/Info.plist;
				LD_RUNPATH_SEARCH_PATHS = (
					"$(inherited)",
					"@executable_path/Frameworks",
				);
				PRODUCT_BUNDLE_IDENTIFIER = KarelHeyndrickx.RijQuiz;
				PRODUCT_NAME = "$(TARGET_NAME)";
				SWIFT_VERSION = 4.2;
				TARGETED_DEVICE_FAMILY = "1,2";
			};
			name = Debug;
		};
		EF8FC4BA219742C100162DD3 /* Release */ = {
			isa = XCBuildConfiguration;
			buildSettings = {
				ASSETCATALOG_COMPILER_APPICON_NAME = AppIcon;
				CODE_SIGN_STYLE = Automatic;
				DEVELOPMENT_TEAM = GLW48UZTB4;
				INFOPLIST_FILE = RijQuiz/Info.plist;
				LD_RUNPATH_SEARCH_PATHS = (
					"$(inherited)",
					"@executable_path/Frameworks",
				);
				PRODUCT_BUNDLE_IDENTIFIER = KarelHeyndrickx.RijQuiz;
				PRODUCT_NAME = "$(TARGET_NAME)";
				SWIFT_VERSION = 4.2;
				TARGETED_DEVICE_FAMILY = "1,2";
			};
			name = Release;
		};
/* End XCBuildConfiguration section */

/* Begin XCConfigurationList section */
		EF8FC4A1219742C000162DD3 /* Build configuration list for PBXProject "RijQuiz" */ = {
			isa = XCConfigurationList;
			buildConfigurations = (
				EF8FC4B6219742C100162DD3 /* Debug */,
				EF8FC4B7219742C100162DD3 /* Release */,
			);
			defaultConfigurationIsVisible = 0;
			defaultConfigurationName = Release;
		};
		EF8FC4B8219742C100162DD3 /* Build configuration list for PBXNativeTarget "RijQuiz" */ = {
			isa = XCConfigurationList;
			buildConfigurations = (
				EF8FC4B9219742C100162DD3 /* Debug */,
				EF8FC4BA219742C100162DD3 /* Release */,
			);
			defaultConfigurationIsVisible = 0;
			defaultConfigurationName = Release;
		};
/* End XCConfigurationList section */
	};
	rootObject = EF8FC49E219742C000162DD3 /* Project object */;
}
